
Microsoft Visual Studio Solution File, Format Version 12.00
# Visual Studio Version 16
VisualStudioVersion = 16.0.30002.166
MinimumVisualStudioVersion = 10.0.40219.1
Project("{9A19103F-16F7-4668-BE54-9A1E7A4F7556}") = "ConcurrencyXP", "ConcurrencyXP.csproj", "{4AA96174-D959-417A-9E22-EF61C986C5CF}"
EndProject
Global
	GlobalSection(SolutionConfigurationPlatforms) = preSolution
		Debug|Any CPU = Debug|Any CPU
		Release|Any CPU = Release|Any CPU
	EndGlobalSection
	GlobalSection(ProjectConfigurationPlatforms) = postSolution
		{4AA96174-D959-417A-9E22-EF61C986C5CF}.Debug|Any CPU.ActiveCfg = Debug|Any CPU
		{4AA96174-D959-417A-9E22-EF61C986C5CF}.Debug|Any CPU.Build.0 = Debug|Any CPU
		{4AA96174-D959-417A-9E22-EF61C986C5CF}.Release|Any CPU.ActiveCfg = Release|Any CPU
		{4AA96174-D959-417A-9E22-EF61C986C5CF}.Release|Any CPU.Build.0 = Release|Any CPU
	EndGlobalSection
	GlobalSection(SolutionProperties) = preSolution
		HideSolutionNode = FALSE
	EndGlobalSection
	GlobalSection(ExtensibilityGlobals) = postSolution
		SolutionGuid = {4AB47065-F973-4B65-9F55-E7E983BEDCEA}
	EndGlobalSection
EndGlobal
